{
  "version": 1,
  "dependencies": {
    "net9.0-windows7.0": {
      "DalamudPackager": {
        "type": "Direct",
        "requested": "[12.0.0, )",
        "resolved": "12.0.0",
        "contentHash": "J5TJLV3f16T/E2H2P17ClWjtfEBPpq3yxvqW46eN36JCm6wR+EaoaYkqG9Rm5sHqs3/nK/vKjWWyvEs/jhKoXw=="
      },
      "DotNet.ReproducibleBuilds": {
        "type": "Direct",
        "requested": "[1.2.25, )",
        "resolved": "1.2.25",
        "contentHash": "xCXiw7BCxHJ8pF6wPepRUddlh2dlQlbr81gXA72hdk4FLHkKXas7EH/n+fk5UCA/YfMqG1Z6XaPiUjDbUNBUzg=="
      },
      "Microsoft.Extensions.Caching.Memory": {
        "type": "Direct",
        "requested": "[9.0.2, )",
        "resolved": "9.0.2",
        "contentHash": "AlEfp0DMz8E1h1Exi8LBrUCNmCYcGDfSM4F/uK1D1cYx/R3w0LVvlmjICqxqXTsy7BEZaCf5leRZY2FuPEiFaw==",
        "dependencies": {
          "Microsoft.Extensions.Caching.Abstractions": "9.0.2",
          "Microsoft.Extensions.DependencyInjection.Abstractions": "9.0.2",
          "Microsoft.Extensions.Logging.Abstractions": "9.0.2",
          "Microsoft.Extensions.Options": "9.0.2",
          "Microsoft.Extensions.Primitives": "9.0.2"
        }
      },
      "NetStone": {
        "type": "Direct",
        "requested": "[1.4.0, )",
        "resolved": "1.4.0",
        "contentHash": "/33rEWA90IlteFJPEWWkf5EIckPGoNpfGfCKmzGE7Luys6CqDLM3EFYsEx5peMAkF9t8bP1x0kiZQPHUDSlcjg==",
        "dependencies": {
          "HtmlAgilityPack": "1.11.46",
          "Karashiiro.HtmlAgilityPack.CssSelectors.NetCoreFork": "0.0.2",
          "Newtonsoft.Json": "13.0.3"
        }
      },
      "HtmlAgilityPack": {
        "type": "Transitive",
        "resolved": "1.11.46",
        "contentHash": "dLMn4EVfJBHWmWK4Uh0XGD76FPLHI0qr2Tm0s1m/xmgiHb1JUb9zB8AzO8HtrkBBlMN6JfCUBYddhqC0hZNR+g=="
      },
      "Karashiiro.HtmlAgilityPack.CssSelectors.NetCoreFork": {
        "type": "Transitive",
        "resolved": "0.0.2",
        "contentHash": "+7cqe/+tN7gDW36pgrefSeyAQvhqznM34D0uTwnETgU25iAC6boPtblxbrMluW5rA9o6MzjEg4qZK7WrnT+tSw==",
        "dependencies": {
          "HtmlAgilityPack": "1.11.46"
        }
      },
      "Microsoft.Extensions.Caching.Abstractions": {
        "type": "Transitive",
        "resolved": "9.0.2",
        "contentHash": "a7QhA25n+BzSM5r5d7JznfyluMBGI7z3qyLlFviZ1Eiqv6DdiK27sLZdP/rpYirBM6UYAKxu5TbmfhIy13GN9A==",
        "dependencies": {
          "Microsoft.Extensions.Primitives": "9.0.2"
        }
      },
      "Microsoft.Extensions.DependencyInjection.Abstractions": {
        "type": "Transitive",
        "resolved": "9.0.2",
        "contentHash": "MNe7GSTBf3jQx5vYrXF0NZvn6l7hUKF6J54ENfAgCO8y6xjN1XUmKKWG464LP2ye6QqDiA1dkaWEZBYnhoZzjg=="
      },
      "Microsoft.Extensions.Logging.Abstractions": {
        "type": "Transitive",
        "resolved": "9.0.2",
        "contentHash": "dV9s2Lamc8jSaqhl2BQSPn/AryDIH2sSbQUyLitLXV0ROmsb+SROnn2cH939JFbsNrnf3mIM3GNRKT7P0ldwLg==",
        "dependencies": {
          "Microsoft.Extensions.DependencyInjection.Abstractions": "9.0.2"
        }
      },
      "Microsoft.Extensions.Options": {
        "type": "Transitive",
        "resolved": "9.0.2",
        "contentHash": "zr98z+AN8+isdmDmQRuEJ/DAKZGUTHmdv3t0ZzjHvNqvA44nAgkXE9kYtfoN6581iALChhVaSw2Owt+Z2lVbkQ==",
        "dependencies": {
          "Microsoft.Extensions.DependencyInjection.Abstractions": "9.0.2",
          "Microsoft.Extensions.Primitives": "9.0.2"
        }
      },
      "Microsoft.Extensions.Primitives": {
        "type": "Transitive",
        "resolved": "9.0.2",
        "contentHash": "puBMtKe/wLuYa7H6docBkLlfec+h8L35DXqsDKKJgW0WY5oCwJ3cBJKcDaZchv6knAyqOMfsl6VUbaR++E5LXA=="
      },
      "Newtonsoft.Json": {
        "type": "Transitive",
        "resolved": "13.0.3",
        "contentHash": "HrC5BXdl00IP9zeV+0Z848QWPAoCr9P3bDEZguI+gkLcBKAOxix/tLEAAHC+UvDNPv4a2d18lOReHMOagPa+zQ=="
      }
    }
  }
}